// !$*UTF8*$!
{
	archiveVersion = 1;
	classes = {
	};
	objectVersion = 50;
	objects = {

/* Begin PBXBuildFile section */
		6373C56C91C25D9D21A2E48D /* Pods_SayHelloRx.framework in Frameworks */ = {isa = PBXBuildFile; fileRef = 3B8B897CB133A2E72CBEF3F4 /* Pods_SayHelloRx.framework */; };
		680426922329F89900314276 /* AppDelegate.swift in Sources */ = {isa = PBXBuildFile; fileRef = 680426912329F89900314276 /* AppDelegate.swift */; };
		680426942329F89900314276 /* ViewController.swift in Sources */ = {isa = PBXBuildFile; fileRef = 680426932329F89900314276 /* ViewController.swift */; };
		680426972329F89900314276 /* Main.storyboard in Resources */ = {isa = PBXBuildFile; fileRef = 680426952329F89900314276 /* Main.storyboard */; };
		680426992329F89B00314276 /* Assets.xcassets in Resources */ = {isa = PBXBuildFile; fileRef = 680426982329F89B00314276 /* Assets.xcassets */; };
		6804269C2329F89B00314276 /* LaunchScreen.storyboard in Resources */ = {isa = PBXBuildFile; fileRef = 6804269A2329F89B00314276 /* LaunchScreen.storyboard */; };
		680426A72329F89B00314276 /* SayHelloRxTests.swift in Sources */ = {isa = PBXBuildFile; fileRef = 680426A62329F89B00314276 /* SayHelloRxTests.swift */; };
		680426B22329F89B00314276 /* SayHelloRxUITests.swift in Sources */ = {isa = PBXBuildFile; fileRef = 680426B12329F89B00314276 /* SayHelloRxUITests.swift */; };
		680426C02329FB1500314276 /* ViewModelType.swift in Sources */ = {isa = PBXBuildFile; fileRef = 680426BF2329FB1500314276 /* ViewModelType.swift */; };
		680426C22329FB2B00314276 /* SayHellowViewModel.swift in Sources */ = {isa = PBXBuildFile; fileRef = 680426C12329FB2B00314276 /* SayHellowViewModel.swift */; };
		680426C42329FB5200314276 /* SayHelloTableViewController.swift in Sources */ = {isa = PBXBuildFile; fileRef = 680426C32329FB5200314276 /* SayHelloTableViewController.swift */; };
		69D06104068C620FD8F6A9A1 /* Pods_SayHelloRx_SayHelloRxTests.framework in Frameworks */ = {isa = PBXBuildFile; fileRef = 8FE1C6A830B7F311993E1A72 /* Pods_SayHelloRx_SayHelloRxTests.framework */; };
		DB9331C2837B0B3EF8AD3187 /* Pods_SayHelloRx_SayHelloRxUITests.framework in Frameworks */ = {isa = PBXBuildFile; fileRef = 759153D36EBA02F09F5C850D /* Pods_SayHelloRx_SayHelloRxUITests.framework */; };
/* End PBXBuildFile section */

/* Begin PBXContainerItemProxy section */
		680426A32329F89B00314276 /* PBXContainerItemProxy */ = {
			isa = PBXContainerItemProxy;
			containerPortal = 680426862329F89900314276 /* Project object */;
			proxyType = 1;
			remoteGlobalIDString = 6804268D2329F89900314276;
			remoteInfo = SayHelloRx;
		};
		680426AE2329F89B00314276 /* PBXContainerItemProxy */ = {
			isa = PBXContainerItemProxy;
			containerPortal = 680426862329F89900314276 /* Project object */;
			proxyType = 1;
			remoteGlobalIDString = 6804268D2329F89900314276;
			remoteInfo = SayHelloRx;
		};
/* End PBXContainerItemProxy section */

/* Begin PBXFileReference section */
		3B8B897CB133A2E72CBEF3F4 /* Pods_SayHelloRx.framework */ = {isa = PBXFileReference; explicitFileType = wrapper.framework; includeInIndex = 0; path = Pods_SayHelloRx.framework; sourceTree = BUILT_PRODUCTS_DIR; };
		419B8C158D6C6894E6CA6662 /* Pods-SayHelloRx-SayHelloRxTests.release.xcconfig */ = {isa = PBXFileReference; includeInIndex = 1; lastKnownFileType = text.xcconfig; name = "Pods-SayHelloRx-SayHelloRxTests.release.xcconfig"; path = "Pods/Target Support Files/Pods-SayHelloRx-SayHelloRxTests/Pods-SayHelloRx-SayHelloRxTests.release.xcconfig"; sourceTree = "<group>"; };
		510DAF6481CD689D2B57D926 /* Pods-SayHelloRx.debug.xcconfig */ = {isa = PBXFileReference; includeInIndex = 1; lastKnownFileType = text.xcconfig; name = "Pods-SayHelloRx.debug.xcconfig"; path = "Pods/Target Support Files/Pods-SayHelloRx/Pods-SayHelloRx.debug.xcconfig"; sourceTree = "<group>"; };
		6804268E2329F89900314276 /* SayHelloRx.app */ = {isa = PBXFileReference; explicitFileType = wrapper.application; includeInIndex = 0; path = SayHelloRx.app; sourceTree = BUILT_PRODUCTS_DIR; };
		680426912329F89900314276 /* AppDelegate.swift */ = {isa = PBXFileReference; lastKnownFileType = sourcecode.swift; path = AppDelegate.swift; sourceTree = "<group>"; };
		680426932329F89900314276 /* ViewController.swift */ = {isa = PBXFileReference; lastKnownFileType = sourcecode.swift; path = ViewController.swift; sourceTree = "<group>"; };
		680426962329F89900314276 /* Base */ = {isa = PBXFileReference; lastKnownFileType = file.storyboard; name = Base; path = Base.lproj/Main.storyboard; sourceTree = "<group>"; };
		680426982329F89B00314276 /* Assets.xcassets */ = {isa = PBXFileReference; lastKnownFileType = folder.assetcatalog; path = Assets.xcassets; sourceTree = "<group>"; };
		6804269B2329F89B00314276 /* Base */ = {isa = PBXFileReference; lastKnownFileType = file.storyboard; name = Base; path = Base.lproj/LaunchScreen.storyboard; sourceTree = "<group>"; };
		6804269D2329F89B00314276 /* Info.plist */ = {isa = PBXFileReference; lastKnownFileType = text.plist.xml; path = Info.plist; sourceTree = "<group>"; };
		680426A22329F89B00314276 /* SayHelloRxTests.xctest */ = {isa = PBXFileReference; explicitFileType = wrapper.cfbundle; includeInIndex = 0; path = SayHelloRxTests.xctest; sourceTree = BUILT_PRODUCTS_DIR; };
		680426A62329F89B00314276 /* SayHelloRxTests.swift */ = {isa = PBXFileReference; lastKnownFileType = sourcecode.swift; path = SayHelloRxTests.swift; sourceTree = "<group>"; };
		680426A82329F89B00314276 /* Info.plist */ = {isa = PBXFileReference; lastKnownFileType = text.plist.xml; path = Info.plist; sourceTree = "<group>"; };
		680426AD2329F89B00314276 /* SayHelloRxUITests.xctest */ = {isa = PBXFileReference; explicitFileType = wrapper.cfbundle; includeInIndex = 0; path = SayHelloRxUITests.xctest; sourceTree = BUILT_PRODUCTS_DIR; };
		680426B12329F89B00314276 /* SayHelloRxUITests.swift */ = {isa = PBXFileReference; lastKnownFileType = sourcecode.swift; path = SayHelloRxUITests.swift; sourceTree = "<group>"; };
		680426B32329F89B00314276 /* Info.plist */ = {isa = PBXFileReference; lastKnownFileType = text.plist.xml; path = Info.plist; sourceTree = "<group>"; };
		680426BF2329FB1500314276 /* ViewModelType.swift */ = {isa = PBXFileReference; lastKnownFileType = sourcecode.swift; path = ViewModelType.swift; sourceTree = "<group>"; };
		680426C12329FB2B00314276 /* SayHellowViewModel.swift */ = {isa = PBXFileReference; lastKnownFileType = sourcecode.swift; path = SayHellowViewModel.swift; sourceTree = "<group>"; };
		680426C32329FB5200314276 /* SayHelloTableViewController.swift */ = {isa = PBXFileReference; lastKnownFileType = sourcecode.swift; path = SayHelloTableViewController.swift; sourceTree = "<group>"; };
		680426C5232A007900314276 /* RxCocoa.framework */ = {isa = PBXFileReference; explicitFileType = wrapper.framework; path = RxCocoa.framework; sourceTree = BUILT_PRODUCTS_DIR; };
		680426C7232A007900314276 /* RxSwift.framework */ = {isa = PBXFileReference; explicitFileType = wrapper.framework; path = RxSwift.framework; sourceTree = BUILT_PRODUCTS_DIR; };
		7160FAE4097C589BA0623A43 /* Pods-SayHelloRx-SayHelloRxUITests.release.xcconfig */ = {isa = PBXFileReference; includeInIndex = 1; lastKnownFileType = text.xcconfig; name = "Pods-SayHelloRx-SayHelloRxUITests.release.xcconfig"; path = "Pods/Target Support Files/Pods-SayHelloRx-SayHelloRxUITests/Pods-SayHelloRx-SayHelloRxUITests.release.xcconfig"; sourceTree = "<group>"; };
		759153D36EBA02F09F5C850D /* Pods_SayHelloRx_SayHelloRxUITests.framework */ = {isa = PBXFileReference; explicitFileType = wrapper.framework; includeInIndex = 0; path = Pods_SayHelloRx_SayHelloRxUITests.framework; sourceTree = BUILT_PRODUCTS_DIR; };
		7FC407582A7FDCA7AD40DF02 /* Pods-SayHelloRx-SayHelloRxTests.debug.xcconfig */ = {isa = PBXFileReference; includeInIndex = 1; lastKnownFileType = text.xcconfig; name = "Pods-SayHelloRx-SayHelloRxTests.debug.xcconfig"; path = "Pods/Target Support Files/Pods-SayHelloRx-SayHelloRxTests/Pods-SayHelloRx-SayHelloRxTests.debug.xcconfig"; sourceTree = "<group>"; };
		8FE1C6A830B7F311993E1A72 /* Pods_SayHelloRx_SayHelloRxTests.framework */ = {isa = PBXFileReference; explicitFileType = wrapper.framework; includeInIndex = 0; path = Pods_SayHelloRx_SayHelloRxTests.framework; sourceTree = BUILT_PRODUCTS_DIR; };
		D1B4B1A1DAE90661AEC18015 /* Pods-SayHelloRx.release.xcconfig */ = {isa = PBXFileReference; includeInIndex = 1; lastKnownFileType = text.xcconfig; name = "Pods-SayHelloRx.release.xcconfig"; path = "Pods/Target Support Files/Pods-SayHelloRx/Pods-SayHelloRx.release.xcconfig"; sourceTree = "<group>"; };
		D8B172C5A92C95F3E271F240 /* Pods-SayHelloRx-SayHelloRxUITests.debug.xcconfig */ = {isa = PBXFileReference; includeInIndex = 1; lastKnownFileType = text.xcconfig; name = "Pods-SayHelloRx-SayHelloRxUITests.debug.xcconfig"; path = "Pods/Target Support Files/Pods-SayHelloRx-SayHelloRxUITests/Pods-SayHelloRx-SayHelloRxUITests.debug.xcconfig"; sourceTree = "<group>"; };
/* End PBXFileReference section */

/* Begin PBXFrameworksBuildPhase section */
		6804268B2329F89900314276 /* Frameworks */ = {
			isa = PBXFrameworksBuildPhase;
			buildActionMask = 2147483647;
			files = (
				6373C56C91C25D9D21A2E48D /* Pods_SayHelloRx.framework in Frameworks */,
			);
			runOnlyForDeploymentPostprocessing = 0;
		};
		6804269F2329F89B00314276 /* Frameworks */ = {
			isa = PBXFrameworksBuildPhase;
			buildActionMask = 2147483647;
			files = (
				69D06104068C620FD8F6A9A1 /* Pods_SayHelloRx_SayHelloRxTests.framework in Frameworks */,
			);
			runOnlyForDeploymentPostprocessing = 0;
		};
		680426AA2329F89B00314276 /* Frameworks */ = {
			isa = PBXFrameworksBuildPhase;
			buildActionMask = 2147483647;
			files = (
				DB9331C2837B0B3EF8AD3187 /* Pods_SayHelloRx_SayHelloRxUITests.framework in Frameworks */,
			);
			runOnlyForDeploymentPostprocessing = 0;
		};
/* End PBXFrameworksBuildPhase section */

/* Begin PBXGroup section */
		680426852329F89900314276 = {
			isa = PBXGroup;
			children = (
				680426902329F89900314276 /* SayHelloRx */,
				680426A52329F89B00314276 /* SayHelloRxTests */,
				680426B02329F89B00314276 /* SayHelloRxUITests */,
				6804268F2329F89900314276 /* Products */,
				6EC4D756238794CC1DC94F6E /* Pods */,
				7E80E0EB3AC4B998C391D76B /* Frameworks */,
			);
			sourceTree = "<group>";
		};
		6804268F2329F89900314276 /* Products */ = {
			isa = PBXGroup;
			children = (
				6804268E2329F89900314276 /* SayHelloRx.app */,
				680426A22329F89B00314276 /* SayHelloRxTests.xctest */,
				680426AD2329F89B00314276 /* SayHelloRxUITests.xctest */,
			);
			name = Products;
			sourceTree = "<group>";
		};
		680426902329F89900314276 /* SayHelloRx */ = {
			isa = PBXGroup;
			children = (
				680426912329F89900314276 /* AppDelegate.swift */,
				680426932329F89900314276 /* ViewController.swift */,
				680426BF2329FB1500314276 /* ViewModelType.swift */,
				680426C12329FB2B00314276 /* SayHellowViewModel.swift */,
				680426C32329FB5200314276 /* SayHelloTableViewController.swift */,
				680426952329F89900314276 /* Main.storyboard */,
				680426982329F89B00314276 /* Assets.xcassets */,
				6804269A2329F89B00314276 /* LaunchScreen.storyboard */,
				6804269D2329F89B00314276 /* Info.plist */,
			);
			path = SayHelloRx;
			sourceTree = "<group>";
		};
		680426A52329F89B00314276 /* SayHelloRxTests */ = {
			isa = PBXGroup;
			children = (
				680426A62329F89B00314276 /* SayHelloRxTests.swift */,
				680426A82329F89B00314276 /* Info.plist */,
			);
			path = SayHelloRxTests;
			sourceTree = "<group>";
		};
		680426B02329F89B00314276 /* SayHelloRxUITests */ = {
			isa = PBXGroup;
			children = (
				680426B12329F89B00314276 /* SayHelloRxUITests.swift */,
				680426B32329F89B00314276 /* Info.plist */,
			);
			path = SayHelloRxUITests;
			sourceTree = "<group>";
		};
		6EC4D756238794CC1DC94F6E /* Pods */ = {
			isa = PBXGroup;
			children = (
				510DAF6481CD689D2B57D926 /* Pods-SayHelloRx.debug.xcconfig */,
				D1B4B1A1DAE90661AEC18015 /* Pods-SayHelloRx.release.xcconfig */,
				7FC407582A7FDCA7AD40DF02 /* Pods-SayHelloRx-SayHelloRxTests.debug.xcconfig */,
				419B8C158D6C6894E6CA6662 /* Pods-SayHelloRx-SayHelloRxTests.release.xcconfig */,
				D8B172C5A92C95F3E271F240 /* Pods-SayHelloRx-SayHelloRxUITests.debug.xcconfig */,
				7160FAE4097C589BA0623A43 /* Pods-SayHelloRx-SayHelloRxUITests.release.xcconfig */,
			);
			name = Pods;
			sourceTree = "<group>";
		};
		7E80E0EB3AC4B998C391D76B /* Frameworks */ = {
			isa = PBXGroup;
			children = (
				680426C5232A007900314276 /* RxCocoa.framework */,
				680426C7232A007900314276 /* RxSwift.framework */,
				3B8B897CB133A2E72CBEF3F4 /* Pods_SayHelloRx.framework */,
				8FE1C6A830B7F311993E1A72 /* Pods_SayHelloRx_SayHelloRxTests.framework */,
				759153D36EBA02F09F5C850D /* Pods_SayHelloRx_SayHelloRxUITests.framework */,
			);
			name = Frameworks;
			sourceTree = "<group>";
		};
/* End PBXGroup section */

/* Begin PBXNativeTarget section */
		6804268D2329F89900314276 /* SayHelloRx */ = {
			isa = PBXNativeTarget;
			buildConfigurationList = 680426B62329F89B00314276 /* Build configuration list for PBXNativeTarget "SayHelloRx" */;
			buildPhases = (
				A74EEE773CF547C7CEA6EA8F /* [CP] Check Pods Manifest.lock */,
				6804268A2329F89900314276 /* Sources */,
				6804268B2329F89900314276 /* Frameworks */,
				6804268C2329F89900314276 /* Resources */,
				E7BF61C2CB85EEA263575D68 /* [CP] Embed Pods Frameworks */,
			);
			buildRules = (
			);
			dependencies = (
			);
			name = SayHelloRx;
			productName = SayHelloRx;
			productReference = 6804268E2329F89900314276 /* SayHelloRx.app */;
			productType = "com.apple.product-type.application";
		};
		680426A12329F89B00314276 /* SayHelloRxTests */ = {
			isa = PBXNativeTarget;
			buildConfigurationList = 680426B92329F89B00314276 /* Build configuration list for PBXNativeTarget "SayHelloRxTests" */;
			buildPhases = (
				9460DDA206D3C88E2A0ACA2B /* [CP] Check Pods Manifest.lock */,
				6804269E2329F89B00314276 /* Sources */,
				6804269F2329F89B00314276 /* Frameworks */,
				680426A02329F89B00314276 /* Resources */,
				3A490F5603541C1ADE70EAC3 /* [CP] Embed Pods Frameworks */,
			);
			buildRules = (
			);
			dependencies = (
				680426A42329F89B00314276 /* PBXTargetDependency */,
			);
			name = SayHelloRxTests;
			productName = SayHelloRxTests;
			productReference = 680426A22329F89B00314276 /* SayHelloRxTests.xctest */;
			productType = "com.apple.product-type.bundle.unit-test";
		};
		680426AC2329F89B00314276 /* SayHelloRxUITests */ = {
			isa = PBXNativeTarget;
			buildConfigurationList = 680426BC2329F89B00314276 /* Build configuration list for PBXNativeTarget "SayHelloRxUITests" */;
			buildPhases = (
				C7C83425E06D509DF307CE7E /* [CP] Check Pods Manifest.lock */,
				680426A92329F89B00314276 /* Sources */,
				680426AA2329F89B00314276 /* Frameworks */,
				680426AB2329F89B00314276 /* Resources */,
				68037B3723940B8544471AF7 /* [CP] Embed Pods Frameworks */,
			);
			buildRules = (
			);
			dependencies = (
				680426AF2329F89B00314276 /* PBXTargetDependency */,
			);
			name = SayHelloRxUITests;
			productName = SayHelloRxUITests;
			productReference = 680426AD2329F89B00314276 /* SayHelloRxUITests.xctest */;
			productType = "com.apple.product-type.bundle.ui-testing";
		};
/* End PBXNativeTarget section */

/* Begin PBXProject section */
		680426862329F89900314276 /* Project object */ = {
			isa = PBXProject;
			attributes = {
				LastSwiftUpdateCheck = 1030;
				LastUpgradeCheck = 1030;
				ORGANIZATIONNAME = confusians;
				TargetAttributes = {
					6804268D2329F89900314276 = {
						CreatedOnToolsVersion = 10.3;
					};
					680426A12329F89B00314276 = {
						CreatedOnToolsVersion = 10.3;
						TestTargetID = 6804268D2329F89900314276;
					};
					680426AC2329F89B00314276 = {
						CreatedOnToolsVersion = 10.3;
						TestTargetID = 6804268D2329F89900314276;
					};
				};
			};
			buildConfigurationList = 680426892329F89900314276 /* Build configuration list for PBXProject "SayHelloRx" */;
			compatibilityVersion = "Xcode 9.3";
			developmentRegion = en;
			hasScannedForEncodings = 0;
			knownRegions = (
				en,
				Base,
			);
			mainGroup = 680426852329F89900314276;
			productRefGroup = 6804268F2329F89900314276 /* Products */;
			projectDirPath = "";
			projectRoot = "";
			targets = (
				6804268D2329F89900314276 /* SayHelloRx */,
				680426A12329F89B00314276 /* SayHelloRxTests */,
				680426AC2329F89B00314276 /* SayHelloRxUITests */,
			);
		};
/* End PBXProject section */

/* Begin PBXResourcesBuildPhase section */
		6804268C2329F89900314276 /* Resources */ = {
			isa = PBXResourcesBuildPhase;
			buildActionMask = 2147483647;
			files = (
				6804269C2329F89B00314276 /* LaunchScreen.storyboard in Resources */,
				680426992329F89B00314276 /* Assets.xcassets in Resources */,
				680426972329F89900314276 /* Main.storyboard in Resources */,
			);
			runOnlyForDeploymentPostprocessing = 0;
		};
		680426A02329F89B00314276 /* Resources */ = {
			isa = PBXResourcesBuildPhase;
			buildActionMask = 2147483647;
			files = (
			);
			runOnlyForDeploymentPostprocessing = 0;
		};
		680426AB2329F89B00314276 /* Resources */ = {
			isa = PBXResourcesBuildPhase;
			buildActionMask = 2147483647;
			files = (
			);
			runOnlyForDeploymentPostprocessing = 0;
		};
/* End PBXResourcesBuildPhase section */

/* Begin PBXShellScriptBuildPhase section */
		3A490F5603541C1ADE70EAC3 /* [CP] Embed Pods Frameworks */ = {
			isa = PBXShellScriptBuildPhase;
			buildActionMask = 2147483647;
			files = (
			);
			inputPaths = (
				"${SRCROOT}/Pods/Target Support Files/Pods-SayHelloRx-SayHelloRxTests/Pods-SayHelloRx-SayHelloRxTests-frameworks.sh",
				"${BUILT_PRODUCTS_DIR}/RxCocoa/RxCocoa.framework",
				"${BUILT_PRODUCTS_DIR}/RxSwift/RxSwift.framework",
			);
			name = "[CP] Embed Pods Frameworks";
			outputPaths = (
				"${TARGET_BUILD_DIR}/${FRAMEWORKS_FOLDER_PATH}/RxCocoa.framework",
				"${TARGET_BUILD_DIR}/${FRAMEWORKS_FOLDER_PATH}/RxSwift.framework",
			);
			runOnlyForDeploymentPostprocessing = 0;
			shellPath = /bin/sh;
			shellScript = "\"${SRCROOT}/Pods/Target Support Files/Pods-SayHelloRx-SayHelloRxTests/Pods-SayHelloRx-SayHelloRxTests-frameworks.sh\"\n";
			showEnvVarsInLog = 0;
		};
		68037B3723940B8544471AF7 /* [CP] Embed Pods Frameworks */ = {
			isa = PBXShellScriptBuildPhase;
			buildActionMask = 2147483647;
			files = (
			);
			inputPaths = (
				"${SRCROOT}/Pods/Target Support Files/Pods-SayHelloRx-SayHelloRxUITests/Pods-SayHelloRx-SayHelloRxUITests-frameworks.sh",
				"${BUILT_PRODUCTS_DIR}/RxCocoa/RxCocoa.framework",
				"${BUILT_PRODUCTS_DIR}/RxSwift/RxSwift.framework",
			);
			name = "[CP] Embed Pods Frameworks";
			outputPaths = (
				"${TARGET_BUILD_DIR}/${FRAMEWORKS_FOLDER_PATH}/RxCocoa.framework",
				"${TARGET_BUILD_DIR}/${FRAMEWORKS_FOLDER_PATH}/RxSwift.framework",
			);
			runOnlyForDeploymentPostprocessing = 0;
			shellPath = /bin/sh;
			shellScript = "\"${SRCROOT}/Pods/Target Support Files/Pods-SayHelloRx-SayHelloRxUITests/Pods-SayHelloRx-SayHelloRxUITests-frameworks.sh\"\n";
			showEnvVarsInLog = 0;
		};
		9460DDA206D3C88E2A0ACA2B /* [CP] Check Pods Manifest.lock */ = {
			isa = PBXShellScriptBuildPhase;
			buildActionMask = 2147483647;
			files = (
			);
			inputPaths = (
				"${PODS_PODFILE_DIR_PATH}/Podfile.lock",
				"${PODS_ROOT}/Manifest.lock",
			);
			name = "[CP] Check Pods Manifest.lock";
			outputPaths = (
				"$(DERIVED_FILE_DIR)/Pods-SayHelloRx-SayHelloRxTests-checkManifestLockResult.txt",
			);
			runOnlyForDeploymentPostprocessing = 0;
			shellPath = /bin/sh;
			shellScript = "diff \"${PODS_PODFILE_DIR_PATH}/Podfile.lock\" \"${PODS_ROOT}/Manifest.lock\" > /dev/null\nif [ $? != 0 ] ; then\n    # print error to STDERR\n    echo \"error: The sandbox is not in sync with the Podfile.lock. Run 'pod install' or update your CocoaPods installation.\" >&2\n    exit 1\nfi\n# This output is used by Xcode 'outputs' to avoid re-running this script phase.\necho \"SUCCESS\" > \"${SCRIPT_OUTPUT_FILE_0}\"\n";
			showEnvVarsInLog = 0;
		};
		A74EEE773CF547C7CEA6EA8F /* [CP] Check Pods Manifest.lock */ = {
			isa = PBXShellScriptBuildPhase;
			buildActionMask = 2147483647;
			files = (
			);
			inputPaths = (
				"${PODS_PODFILE_DIR_PATH}/Podfile.lock",
				"${PODS_ROOT}/Manifest.lock",
			);
			name = "[CP] Check Pods Manifest.lock";
			outputPaths = (
				"$(DERIVED_FILE_DIR)/Pods-SayHelloRx-checkManifestLockResult.txt",
			);
			runOnlyForDeploymentPostprocessing = 0;
			shellPath = /bin/sh;
			shellScript = "diff \"${PODS_PODFILE_DIR_PATH}/Podfile.lock\" \"${PODS_ROOT}/Manifest.lock\" > /dev/null\nif [ $? != 0 ] ; then\n    # print error to STDERR\n    echo \"error: The sandbox is not in sync with the Podfile.lock. Run 'pod install' or update your CocoaPods installation.\" >&2\n    exit 1\nfi\n# This output is used by Xcode 'outputs' to avoid re-running this script phase.\necho \"SUCCESS\" > \"${SCRIPT_OUTPUT_FILE_0}\"\n";
			showEnvVarsInLog = 0;
		};
		C7C83425E06D509DF307CE7E /* [CP] Check Pods Manifest.lock */ = {
			isa = PBXShellScriptBuildPhase;
			buildActionMask = 2147483647;
			files = (
			);
			inputPaths = (
				"${PODS_PODFILE_DIR_PATH}/Podfile.lock",
				"${PODS_ROOT}/Manifest.lock",
			);
			name = "[CP] Check Pods Manifest.lock";
			outputPaths = (
				"$(DERIVED_FILE_DIR)/Pods-SayHelloRx-SayHelloRxUITests-checkManifestLockResult.txt",
			);
			runOnlyForDeploymentPostprocessing = 0;
			shellPath = /bin/sh;
			shellScript = "diff \"${PODS_PODFILE_DIR_PATH}/Podfile.lock\" \"${PODS_ROOT}/Manifest.lock\" > /dev/null\nif [ $? != 0 ] ; then\n    # print error to STDERR\n    echo \"error: The sandbox is not in sync with the Podfile.lock. Run 'pod install' or update your CocoaPods installation.\" >&2\n    exit 1\nfi\n# This output is used by Xcode 'outputs' to avoid re-running this script phase.\necho \"SUCCESS\" > \"${SCRIPT_OUTPUT_FILE_0}\"\n";
			showEnvVarsInLog = 0;
		};
		E7BF61C2CB85EEA263575D68 /* [CP] Embed Pods Frameworks */ = {
			isa = PBXShellScriptBuildPhase;
			buildActionMask = 2147483647;
			files = (
			);
			inputPaths = (
				"${SRCROOT}/Pods/Target Support Files/Pods-SayHelloRx/Pods-SayHelloRx-frameworks.sh",
				"${BUILT_PRODUCTS_DIR}/RxCocoa/RxCocoa.framework",
				"${BUILT_PRODUCTS_DIR}/RxSwift/RxSwift.framework",
			);
			name = "[CP] Embed Pods Frameworks";
			outputPaths = (
				"${TARGET_BUILD_DIR}/${FRAMEWORKS_FOLDER_PATH}/RxCocoa.framework",
				"${TARGET_BUILD_DIR}/${FRAMEWORKS_FOLDER_PATH}/RxSwift.framework",
			);
			runOnlyForDeploymentPostprocessing = 0;
			shellPath = /bin/sh;
			shellScript = "\"${SRCROOT}/Pods/Target Support Files/Pods-SayHelloRx/Pods-SayHelloRx-frameworks.sh\"\n";
			showEnvVarsInLog = 0;
		};
/* End PBXShellScriptBuildPhase section */

/* Begin PBXSourcesBuildPhase section */
		6804268A2329F89900314276 /* Sources */ = {
			isa = PBXSourcesBuildPhase;
			buildActionMask = 2147483647;
			files = (
				680426942329F89900314276 /* ViewController.swift in Sources */,
				680426922329F89900314276 /* AppDelegate.swift in Sources */,
				680426C42329FB5200314276 /* SayHelloTableViewController.swift in Sources */,
				680426C02329FB1500314276 /* ViewModelType.swift in Sources */,
				680426C22329FB2B00314276 /* SayHellowViewModel.swift in Sources */,
			);
			runOnlyForDeploymentPostprocessing = 0;
		};
		6804269E2329F89B00314276 /* Sources */ = {
			isa = PBXSourcesBuildPhase;
			buildActionMask = 2147483647;
			files = (
				680426A72329F89B00314276 /* SayHelloRxTests.swift in Sources */,
			);
			runOnlyForDeploymentPostprocessing = 0;
		};
		680426A92329F89B00314276 /* Sources */ = {
			isa = PBXSourcesBuildPhase;
			buildActionMask = 2147483647;
			files = (
				680426B22329F89B00314276 /* SayHelloRxUITests.swift in Sources */,
			);
			runOnlyForDeploymentPostprocessing = 0;
		};
/* End PBXSourcesBuildPhase section */

/* Begin PBXTargetDependency section */
		680426A42329F89B00314276 /* PBXTargetDependency */ = {
			isa = PBXTargetDependency;
			target = 6804268D2329F89900314276 /* SayHelloRx */;
			targetProxy = 680426A32329F89B00314276 /* PBXContainerItemProxy */;
		};
		680426AF2329F89B00314276 /* PBXTargetDependency */ = {
			isa = PBXTargetDependency;
			target = 6804268D2329F89900314276 /* SayHelloRx */;
			targetProxy = 680426AE2329F89B00314276 /* PBXContainerItemProxy */;
		};
/* End PBXTargetDependency section */

/* Begin PBXVariantGroup section */
		680426952329F89900314276 /* Main.storyboard */ = {
			isa = PBXVariantGroup;
			children = (
				680426962329F89900314276 /* Base */,
			);
			name = Main.storyboard;
			sourceTree = "<group>";
		};
		6804269A2329F89B00314276 /* LaunchScreen.storyboard */ = {
			isa = PBXVariantGroup;
			children = (
				6804269B2329F89B00314276 /* Base */,
			);
			name = LaunchScreen.storyboard;
			sourceTree = "<group>";
		};
/* End PBXVariantGroup section */

/* Begin XCBuildConfiguration section */
		680426B42329F89B00314276 /* Debug */ = {
			isa = XCBuildConfiguration;
			buildSettings = {
				ALWAYS_SEARCH_USER_PATHS = NO;
				CLANG_ANALYZER_NONNULL = YES;
				CLANG_ANALYZER_NUMBER_OBJECT_CONVERSION = YES_AGGRESSIVE;
				CLANG_CXX_LANGUAGE_STANDARD = "gnu++14";
				CLANG_CXX_LIBRARY = "libc++";
				CLANG_ENABLE_MODULES = YES;
				CLANG_ENABLE_OBJC_ARC = YES;
				CLANG_ENABLE_OBJC_WEAK = YES;
				CLANG_WARN_BLOCK_CAPTURE_AUTORELEASING = YES;
				CLANG_WARN_BOOL_CONVERSION = YES;
				CLANG_WARN_COMMA = YES;
				CLANG_WARN_CONSTANT_CONVERSION = YES;
				CLANG_WARN_DEPRECATED_OBJC_IMPLEMENTATIONS = YES;
				CLANG_WARN_DIRECT_OBJC_ISA_USAGE = YES_ERROR;
				CLANG_WARN_DOCUMENTATION_COMMENTS = YES;
				CLANG_WARN_EMPTY_BODY = YES;
				CLANG_WARN_ENUM_CONVERSION = YES;
				CLANG_WARN_INFINITE_RECURSION = YES;
				CLANG_WARN_INT_CONVERSION = YES;
				CLANG_WARN_NON_LITERAL_NULL_CONVERSION = YES;
				CLANG_WARN_OBJC_IMPLICIT_RETAIN_SELF = YES;
				CLANG_WARN_OBJC_LITERAL_CONVERSION = YES;
				CLANG_WARN_OBJC_ROOT_CLASS = YES_ERROR;
				CLANG_WARN_RANGE_LOOP_ANALYSIS = YES;
				CLANG_WARN_STRICT_PROTOTYPES = YES;
				CLANG_WARN_SUSPICIOUS_MOVE = YES;
				CLANG_WARN_UNGUARDED_AVAILABILITY = YES_AGGRESSIVE;
				CLANG_WARN_UNREACHABLE_CODE = YES;
				CLANG_WARN__DUPLICATE_METHOD_MATCH = YES;
				CODE_SIGN_IDENTITY = "iPhone Developer";
				COPY_PHASE_STRIP = NO;
				DEBUG_INFORMATION_FORMAT = dwarf;
				ENABLE_STRICT_OBJC_MSGSEND = YES;
				ENABLE_TESTABILITY = YES;
				GCC_C_LANGUAGE_STANDARD = gnu11;
				GCC_DYNAMIC_NO_PIC = NO;
				GCC_NO_COMMON_BLOCKS = YES;
				GCC_OPTIMIZATION_LEVEL = 0;
				GCC_PREPROCESSOR_DEFINITIONS = (
					"DEBUG=1",
					"$(inherited)",
				);
				GCC_WARN_64_TO_32_BIT_CONVERSION = YES;
				GCC_WARN_ABOUT_RETURN_TYPE = YES_ERROR;
				GCC_WARN_UNDECLARED_SELECTOR = YES;
				GCC_WARN_UNINITIALIZED_AUTOS = YES_AGGRESSIVE;
				GCC_WARN_UNUSED_FUNCTION = YES;
				GCC_WARN_UNUSED_VARIABLE = YES;
				IPHONEOS_DEPLOYMENT_TARGET = 12.4;
				MTL_ENABLE_DEBUG_INFO = INCLUDE_SOURCE;
				MTL_FAST_MATH = YES;
				ONLY_ACTIVE_ARCH = YES;
				SDKROOT = iphoneos;
				SWIFT_ACTIVE_COMPILATION_CONDITIONS = DEBUG;
				SWIFT_OPTIMIZATION_LEVEL = "-Onone";
			};
			name = Debug;
		};
		680426B52329F89B00314276 /* Release */ = {
			isa = XCBuildConfiguration;
			buildSettings = {
				ALWAYS_SEARCH_USER_PATHS = NO;
				CLANG_ANALYZER_NONNULL = YES;
				CLANG_ANALYZER_NUMBER_OBJECT_CONVERSION = YES_AGGRESSIVE;
				CLANG_CXX_LANGUAGE_STANDARD = "gnu++14";
				CLANG_CXX_LIBRARY = "libc++";
				CLANG_ENABLE_MODULES = YES;
				CLANG_ENABLE_OBJC_ARC = YES;
				CLANG_ENABLE_OBJC_WEAK = YES;
				CLANG_WARN_BLOCK_CAPTURE_AUTORELEASING = YES;
				CLANG_WARN_BOOL_CONVERSION = YES;
				CLANG_WARN_COMMA = YES;
				CLANG_WARN_CONSTANT_CONVERSION = YES;
				CLANG_WARN_DEPRECATED_OBJC_IMPLEMENTATIONS = YES;
				CLANG_WARN_DIRECT_OBJC_ISA_USAGE = YES_ERROR;
				CLANG_WARN_DOCUMENTATION_COMMENTS = YES;
				CLANG_WARN_EMPTY_BODY = YES;
				CLANG_WARN_ENUM_CONVERSION = YES;
				CLANG_WARN_INFINITE_RECURSION = YES;
				CLANG_WARN_INT_CONVERSION = YES;
				CLANG_WARN_NON_LITERAL_NULL_CONVERSION = YES;
				CLANG_WARN_OBJC_IMPLICIT_RETAIN_SELF = YES;
				CLANG_WARN_OBJC_LITERAL_CONVERSION = YES;
				CLANG_WARN_OBJC_ROOT_CLASS = YES_ERROR;
				CLANG_WARN_RANGE_LOOP_ANALYSIS = YES;
				CLANG_WARN_STRICT_PROTOTYPES = YES;
				CLANG_WARN_SUSPICIOUS_MOVE = YES;
				CLANG_WARN_UNGUARDED_AVAILABILITY = YES_AGGRESSIVE;
				CLANG_WARN_UNREACHABLE_CODE = YES;
				CLANG_WARN__DUPLICATE_METHOD_MATCH = YES;
				CODE_SIGN_IDENTITY = "iPhone Developer";
				COPY_PHASE_STRIP = NO;
				DEBUG_INFORMATION_FORMAT = "dwarf-with-dsym";
				ENABLE_NS_ASSERTIONS = NO;
				ENABLE_STRICT_OBJC_MSGSEND = YES;
				GCC_C_LANGUAGE_STANDARD = gnu11;
				GCC_NO_COMMON_BLOCKS = YES;
				GCC_WARN_64_TO_32_BIT_CONVERSION = YES;
				GCC_WARN_ABOUT_RETURN_TYPE = YES_ERROR;
				GCC_WARN_UNDECLARED_SELECTOR = YES;
				GCC_WARN_UNINITIALIZED_AUTOS = YES_AGGRESSIVE;
				GCC_WARN_UNUSED_FUNCTION = YES;
				GCC_WARN_UNUSED_VARIABLE = YES;
				IPHONEOS_DEPLOYMENT_TARGET = 12.4;
				MTL_ENABLE_DEBUG_INFO = NO;
				MTL_FAST_MATH = YES;
				SDKROOT = iphoneos;
				SWIFT_COMPILATION_MODE = wholemodule;
				SWIFT_OPTIMIZATION_LEVEL = "-O";
				VALIDATE_PRODUCT = YES;
			};
			name = Release;
		};
		680426B72329F89B00314276 /* Debug */ = {
			isa = XCBuildConfiguration;
			baseConfigurationReference = 510DAF6481CD689D2B57D926 /* Pods-SayHelloRx.debug.xcconfig */;
			buildSettings = {
				ASSETCATALOG_COMPILER_APPICON_NAME = AppIcon;
				CODE_SIGN_STYLE = Automatic;
				DEVELOPMENT_TEAM = 93QF44Z6JU;
				INFOPLIST_FILE = SayHelloRx/Info.plist;
				LD_RUNPATH_SEARCH_PATHS = (
					"$(inherited)",
					"@executable_path/Frameworks",
					"@executable_path/RxSwift",
					"@executable_path/RxAtomic",
				);
				PRODUCT_BUNDLE_IDENTIFIER = com.confusians.SayHelloRx;
				PRODUCT_NAME = "$(TARGET_NAME)";
				SWIFT_VERSION = 5.0;
				TARGETED_DEVICE_FAMILY = "1,2";
			};
			name = Debug;
		};
		680426B82329F89B00314276 /* Release */ = {
			isa = XCBuildConfiguration;
			baseConfigurationReference = D1B4B1A1DAE90661AEC18015 /* Pods-SayHelloRx.release.xcconfig */;
			buildSettings = {
				ASSETCATALOG_COMPILER_APPICON_NAME = AppIcon;
				CODE_SIGN_STYLE = Automatic;
				DEVELOPMENT_TEAM = 93QF44Z6JU;
				INFOPLIST_FILE = SayHelloRx/Info.plist;
				LD_RUNPATH_SEARCH_PATHS = (
					"$(inherited)",
					"@executable_path/Frameworks",
					"@executable_path/RxSwift",
					"@executable_path/RxAtomic",
				);
				PRODUCT_BUNDLE_IDENTIFIER = com.confusians.SayHelloRx;
				PRODUCT_NAME = "$(TARGET_NAME)";
				SWIFT_VERSION = 5.0;
				TARGETED_DEVICE_FAMILY = "1,2";
			};
			name = Release;
		};
		680426BA2329F89B00314276 /* Debug */ = {
			isa = XCBuildConfiguration;
			baseConfigurationReference = 7FC407582A7FDCA7AD40DF02 /* Pods-SayHelloRx-SayHelloRxTests.debug.xcconfig */;
			buildSettings = {
				ALWAYS_EMBED_SWIFT_STANDARD_LIBRARIES = YES;
				BUNDLE_LOADER = "$(TEST_HOST)";
				CODE_SIGN_STYLE = Automatic;
				DEVELOPMENT_TEAM = 93QF44Z6JU;
				INFOPLIST_FILE = SayHelloRxTests/Info.plist;
				LD_RUNPATH_SEARCH_PATHS = (
					"$(inherited)",
					"@executable_path/Frameworks",
					"@loader_path/Frameworks",
				);
				PRODUCT_BUNDLE_IDENTIFIER = com.confusians.SayHelloRxTests;
				PRODUCT_NAME = "$(TARGET_NAME)";
				SWIFT_VERSION = 5.0;
				TARGETED_DEVICE_FAMILY = "1,2";
				TEST_HOST = "$(BUILT_PRODUCTS_DIR)/SayHelloRx.app/SayHelloRx";
			};
			name = Debug;
		};
		680426BB2329F89B00314276 /* Release */ = {
			isa = XCBuildConfiguration;
			baseConfigurationReference = 419B8C158D6C6894E6CA6662 /* Pods-SayHelloRx-SayHelloRxTests.release.xcconfig */;
			buildSettings = {
				ALWAYS_EMBED_SWIFT_STANDARD_LIBRARIES = YES;
				BUNDLE_LOADER = "$(TEST_HOST)";
				CODE_SIGN_STYLE = Automatic;
				DEVELOPMENT_TEAM = 93QF44Z6JU;
				INFOPLIST_FILE = SayHelloRxTests/Info.plist;
				LD_RUNPATH_SEARCH_PATHS = (
					"$(inherited)",
					"@executable_path/Frameworks",
					"@loader_path/Frameworks",
				);
				PRODUCT_BUNDLE_IDENTIFIER = com.confusians.SayHelloRxTests;
				PRODUCT_NAME = "$(TARGET_NAME)";
				SWIFT_VERSION = 5.0;
				TARGETED_DEVICE_FAMILY = "1,2";
				TEST_HOST = "$(BUILT_PRODUCTS_DIR)/SayHelloRx.app/SayHelloRx";
			};
			name = Release;
		};
		680426BD2329F89B00314276 /* Debug */ = {
			isa = XCBuildConfiguration;
			baseConfigurationReference = D8B172C5A92C95F3E271F240 /* Pods-SayHelloRx-SayHelloRxUITests.debug.xcconfig */;
			buildSettings = {
				ALWAYS_EMBED_SWIFT_STANDARD_LIBRARIES = YES;
				CODE_SIGN_STYLE = Automatic;
				DEVELOPMENT_TEAM = 93QF44Z6JU;
				INFOPLIST_FILE = SayHelloRxUITests/Info.plist;
				LD_RUNPATH_SEARCH_PATHS = (
					"$(inherited)",
					"@executable_path/Frameworks",
					"@loader_path/Frameworks",
				);
				PRODUCT_BUNDLE_IDENTIFIER = com.confusians.SayHelloRxUITests;
				PRODUCT_NAME = "$(TARGET_NAME)";
				SWIFT_VERSION = 5.0;
				TARGETED_DEVICE_FAMILY = "1,2";
				TEST_TARGET_NAME = SayHelloRx;
			};
			name = Debug;
		};
		680426BE2329F89B00314276 /* Release */ = {
			isa = XCBuildConfiguration;
			baseConfigurationReference = 7160FAE4097C589BA0623A43 /* Pods-SayHelloRx-SayHelloRxUITests.release.xcconfig */;
			buildSettings = {
				ALWAYS_EMBED_SWIFT_STANDARD_LIBRARIES = YES;
				CODE_SIGN_STYLE = Automatic;
				DEVELOPMENT_TEAM = 93QF44Z6JU;
				INFOPLIST_FILE = SayHelloRxUITests/Info.plist;
				LD_RUNPATH_SEARCH_PATHS = (
					"$(inherited)",
					"@executable_path/Frameworks",
					"@loader_path/Frameworks",
				);
				PRODUCT_BUNDLE_IDENTIFIER = com.confusians.SayHelloRxUITests;
				PRODUCT_NAME = "$(TARGET_NAME)";
				SWIFT_VERSION = 5.0;
				TARGETED_DEVICE_FAMILY = "1,2";
				TEST_TARGET_NAME = SayHelloRx;
			};
			name = Release;
		};
/* End XCBuildConfiguration section */

/* Begin XCConfigurationList section */
		680426892329F89900314276 /* Build configuration list for PBXProject "SayHelloRx" */ = {
			isa = XCConfigurationList;
			buildConfigurations = (
				680426B42329F89B00314276 /* Debug */,
				680426B52329F89B00314276 /* Release */,
			);
			defaultConfigurationIsVisible = 0;
			defaultConfigurationName = Release;
		};
		680426B62329F89B00314276 /* Build configuration list for PBXNativeTarget "SayHelloRx" */ = {
			isa = XCConfigurationList;
			buildConfigurations = (
				680426B72329F89B00314276 /* Debug */,
				680426B82329F89B00314276 /* Release */,
			);
			defaultConfigurationIsVisible = 0;
			defaultConfigurationName = Release;
		};
		680426B92329F89B00314276 /* Build configuration list for PBXNativeTarget "SayHelloRxTests" */ = {
			isa = XCConfigurationList;
			buildConfigurations = (
				680426BA2329F89B00314276 /* Debug */,
				680426BB2329F89B00314276 /* Release */,
			);
			defaultConfigurationIsVisible = 0;
			defaultConfigurationName = Release;
		};
		680426BC2329F89B00314276 /* Build configuration list for PBXNativeTarget "SayHelloRxUITests" */ = {
			isa = XCConfigurationList;
			buildConfigurations = (
				680426BD2329F89B00314276 /* Debug */,
				680426BE2329F89B00314276 /* Release */,
			);
			defaultConfigurationIsVisible = 0;
			defaultConfigurationName = Release;
		};
/* End XCConfigurationList section */
	};
	rootObject = 680426862329F89900314276 /* Project object */;
}
